
Microsoft Visual Studio Solution File, Format Version 12.00
# Visual Studio 2012
Project("{FAE04EC0-301F-11D3-BF4B-00C04F79EFBC}") = "SFDataformTester.iOS", "iOS\SFDataformTester.iOS.csproj", "{4A509753-0601-4DA9-B1EE-EB859AF8CE17}"
EndProject
Project("{FAE04EC0-301F-11D3-BF4B-00C04F79EFBC}") = "SFDataformTester.Droid", "Droid\SFDataformTester.Droid.csproj", "{54D024C7-2D17-4B5C-89A0-DB5356531854}"
EndProject
Project("{FAE04EC0-301F-11D3-BF4B-00C04F79EFBC}") = "SFDataformTester.Core", "SFDataformTester.Core\SFDataformTester.Core.csproj", "{3424C35E-B3BA-4248-BA74-E2F379FB2D77}"
EndProject
Global
	GlobalSection(SolutionConfigurationPlatforms) = preSolution
		Debug|Any CPU = Debug|Any CPU
		Release|Any CPU = Release|Any CPU
		Debug|iPhoneSimulator = Debug|iPhoneSimulator
		Release|iPhone = Release|iPhone
		Release|iPhoneSimulator = Release|iPhoneSimulator
		Debug|iPhone = Debug|iPhone
	EndGlobalSection
	GlobalSection(ProjectConfigurationPlatforms) = postSolution
		{4A509753-0601-4DA9-B1EE-EB859AF8CE17}.Debug|Any CPU.ActiveCfg = Debug|iPhoneSimulator
		{4A509753-0601-4DA9-B1EE-EB859AF8CE17}.Debug|Any CPU.Build.0 = Debug|iPhoneSimulator
		{4A509753-0601-4DA9-B1EE-EB859AF8CE17}.Release|Any CPU.ActiveCfg = Release|iPhone
		{4A509753-0601-4DA9-B1EE-EB859AF8CE17}.Release|Any CPU.Build.0 = Release|iPhone
		{4A509753-0601-4DA9-B1EE-EB859AF8CE17}.Debug|iPhoneSimulator.ActiveCfg = Debug|iPhoneSimulator
		{4A509753-0601-4DA9-B1EE-EB859AF8CE17}.Debug|iPhoneSimulator.Build.0 = Debug|iPhoneSimulator
		{4A509753-0601-4DA9-B1EE-EB859AF8CE17}.Release|iPhone.ActiveCfg = Release|iPhone
		{4A509753-0601-4DA9-B1EE-EB859AF8CE17}.Release|iPhone.Build.0 = Release|iPhone
		{4A509753-0601-4DA9-B1EE-EB859AF8CE17}.Release|iPhoneSimulator.ActiveCfg = Release|iPhoneSimulator
		{4A509753-0601-4DA9-B1EE-EB859AF8CE17}.Release|iPhoneSimulator.Build.0 = Release|iPhoneSimulator
		{4A509753-0601-4DA9-B1EE-EB859AF8CE17}.Debug|iPhone.ActiveCfg = Debug|iPhone
		{4A509753-0601-4DA9-B1EE-EB859AF8CE17}.Debug|iPhone.Build.0 = Debug|iPhone
		{54D024C7-2D17-4B5C-89A0-DB5356531854}.Debug|Any CPU.ActiveCfg = Debug|Any CPU
		{54D024C7-2D17-4B5C-89A0-DB5356531854}.Debug|Any CPU.Build.0 = Debug|Any CPU
		{54D024C7-2D17-4B5C-89A0-DB5356531854}.Release|Any CPU.ActiveCfg = Release|Any CPU
		{54D024C7-2D17-4B5C-89A0-DB5356531854}.Release|Any CPU.Build.0 = Release|Any CPU
		{54D024C7-2D17-4B5C-89A0-DB5356531854}.Debug|iPhoneSimulator.ActiveCfg = Debug|Any CPU
		{54D024C7-2D17-4B5C-89A0-DB5356531854}.Debug|iPhoneSimulator.Build.0 = Debug|Any CPU
		{54D024C7-2D17-4B5C-89A0-DB5356531854}.Release|iPhone.ActiveCfg = Release|Any CPU
		{54D024C7-2D17-4B5C-89A0-DB5356531854}.Release|iPhone.Build.0 = Release|Any CPU
		{54D024C7-2D17-4B5C-89A0-DB5356531854}.Release|iPhoneSimulator.ActiveCfg = Release|Any CPU
		{54D024C7-2D17-4B5C-89A0-DB5356531854}.Release|iPhoneSimulator.Build.0 = Release|Any CPU
		{54D024C7-2D17-4B5C-89A0-DB5356531854}.Debug|iPhone.ActiveCfg = Debug|Any CPU
		{54D024C7-2D17-4B5C-89A0-DB5356531854}.Debug|iPhone.Build.0 = Debug|Any CPU
		{3424C35E-B3BA-4248-BA74-E2F379FB2D77}.Debug|Any CPU.ActiveCfg = Debug|Any CPU
		{3424C35E-B3BA-4248-BA74-E2F379FB2D77}.Debug|Any CPU.Build.0 = Debug|Any CPU
		{3424C35E-B3BA-4248-BA74-E2F379FB2D77}.Release|Any CPU.ActiveCfg = Release|Any CPU
		{3424C35E-B3BA-4248-BA74-E2F379FB2D77}.Release|Any CPU.Build.0 = Release|Any CPU
		{3424C35E-B3BA-4248-BA74-E2F379FB2D77}.Debug|iPhoneSimulator.ActiveCfg = Debug|Any CPU
		{3424C35E-B3BA-4248-BA74-E2F379FB2D77}.Debug|iPhoneSimulator.Build.0 = Debug|Any CPU
		{3424C35E-B3BA-4248-BA74-E2F379FB2D77}.Release|iPhone.ActiveCfg = Release|Any CPU
		{3424C35E-B3BA-4248-BA74-E2F379FB2D77}.Release|iPhone.Build.0 = Release|Any CPU
		{3424C35E-B3BA-4248-BA74-E2F379FB2D77}.Release|iPhoneSimulator.ActiveCfg = Release|Any CPU
		{3424C35E-B3BA-4248-BA74-E2F379FB2D77}.Release|iPhoneSimulator.Build.0 = Release|Any CPU
		{3424C35E-B3BA-4248-BA74-E2F379FB2D77}.Debug|iPhone.ActiveCfg = Debug|Any CPU
		{3424C35E-B3BA-4248-BA74-E2F379FB2D77}.Debug|iPhone.Build.0 = Debug|Any CPU
	EndGlobalSection
EndGlobal
